
Microsoft Visual Studio Solution File, Format Version 12.00
# Visual Studio Version 17
VisualStudioVersion = 17.5.002.0
MinimumVisualStudioVersion = 10.0.40219.1
Project("{9A19103F-16F7-4668-BE54-9A1E7A4F7556}") = "02DemoConsoleSqlServer", "02DemoConsoleSqlServer.csproj", "{31AF8DFC-715E-4F85-9D65-844EEA331A1E}"
EndProject
Global
	GlobalSection(SolutionConfigurationPlatforms) = preSolution
		Debug|Any CPU = Debug|Any CPU
		Release|Any CPU = Release|Any CPU
	EndGlobalSection
	GlobalSection(ProjectConfigurationPlatforms) = postSolution
		{31AF8DFC-715E-4F85-9D65-844EEA331A1E}.Debug|Any CPU.ActiveCfg = Debug|Any CPU
		{31AF8DFC-715E-4F85-9D65-844EEA331A1E}.Debug|Any CPU.Build.0 = Debug|Any CPU
		{31AF8DFC-715E-4F85-9D65-844EEA331A1E}.Release|Any CPU.ActiveCfg = Release|Any CPU
		{31AF8DFC-715E-4F85-9D65-844EEA331A1E}.Release|Any CPU.Build.0 = Release|Any CPU
	EndGlobalSection
	GlobalSection(SolutionProperties) = preSolution
		HideSolutionNode = FALSE
	EndGlobalSection
	GlobalSection(ExtensibilityGlobals) = postSolution
		SolutionGuid = {C3C84D7D-44E2-40D4-8700-B2C5D1A23742}
	EndGlobalSection
EndGlobal
