
Microsoft Visual Studio Solution File, Format Version 12.00
# Visual Studio Version 17
VisualStudioVersion = 17.5.002.0
MinimumVisualStudioVersion = 10.0.40219.1
Project("{9A19103F-16F7-4668-BE54-9A1E7A4F7556}") = "Lab04_Classes", "Lab04_Classes.csproj", "{9BC24EAF-9A79-441F-AF25-72D8960F8EDA}"
EndProject
Global
	GlobalSection(SolutionConfigurationPlatforms) = preSolution
		Debug|Any CPU = Debug|Any CPU
		Release|Any CPU = Release|Any CPU
	EndGlobalSection
	GlobalSection(ProjectConfigurationPlatforms) = postSolution
		{9BC24EAF-9A79-441F-AF25-72D8960F8EDA}.Debug|Any CPU.ActiveCfg = Debug|Any CPU
		{9BC24EAF-9A79-441F-AF25-72D8960F8EDA}.Debug|Any CPU.Build.0 = Debug|Any CPU
		{9BC24EAF-9A79-441F-AF25-72D8960F8EDA}.Release|Any CPU.ActiveCfg = Release|Any CPU
		{9BC24EAF-9A79-441F-AF25-72D8960F8EDA}.Release|Any CPU.Build.0 = Release|Any CPU
	EndGlobalSection
	GlobalSection(SolutionProperties) = preSolution
		HideSolutionNode = FALSE
	EndGlobalSection
	GlobalSection(ExtensibilityGlobals) = postSolution
		SolutionGuid = {87A1082C-4E95-4F40-AEFC-79C3806220D1}
	EndGlobalSection
EndGlobal
