
Microsoft Visual Studio Solution File, Format Version 12.00
# Visual Studio Version 17
VisualStudioVersion = 17.5.002.0
MinimumVisualStudioVersion = 10.0.40219.1
Project("{9A19103F-16F7-4668-BE54-9A1E7A4F7556}") = "01Intro", "01Intro.csproj", "{4CA1CF19-9F87-4ED7-BE56-29BBC5CCDCD5}"
EndProject
Global
	GlobalSection(SolutionConfigurationPlatforms) = preSolution
		Debug|Any CPU = Debug|Any CPU
		Release|Any CPU = Release|Any CPU
	EndGlobalSection
	GlobalSection(ProjectConfigurationPlatforms) = postSolution
		{4CA1CF19-9F87-4ED7-BE56-29BBC5CCDCD5}.Debug|Any CPU.ActiveCfg = Debug|Any CPU
		{4CA1CF19-9F87-4ED7-BE56-29BBC5CCDCD5}.Debug|Any CPU.Build.0 = Debug|Any CPU
		{4CA1CF19-9F87-4ED7-BE56-29BBC5CCDCD5}.Release|Any CPU.ActiveCfg = Release|Any CPU
		{4CA1CF19-9F87-4ED7-BE56-29BBC5CCDCD5}.Release|Any CPU.Build.0 = Release|Any CPU
	EndGlobalSection
	GlobalSection(SolutionProperties) = preSolution
		HideSolutionNode = FALSE
	EndGlobalSection
	GlobalSection(ExtensibilityGlobals) = postSolution
		SolutionGuid = {2F9B95EB-A49C-4C39-9EEF-A0D5B149DB68}
	EndGlobalSection
EndGlobal
