
Microsoft Visual Studio Solution File, Format Version 12.00
# Visual Studio Version 17
VisualStudioVersion = 17.5.002.0
MinimumVisualStudioVersion = 10.0.40219.1
Project("{9A19103F-16F7-4668-BE54-9A1E7A4F7556}") = "Lab02", "Lab02.csproj", "{E9A7CB7F-F9A2-4287-8C41-4F5A03A2BC73}"
EndProject
Global
	GlobalSection(SolutionConfigurationPlatforms) = preSolution
		Debug|Any CPU = Debug|Any CPU
		Release|Any CPU = Release|Any CPU
	EndGlobalSection
	GlobalSection(ProjectConfigurationPlatforms) = postSolution
		{E9A7CB7F-F9A2-4287-8C41-4F5A03A2BC73}.Debug|Any CPU.ActiveCfg = Debug|Any CPU
		{E9A7CB7F-F9A2-4287-8C41-4F5A03A2BC73}.Debug|Any CPU.Build.0 = Debug|Any CPU
		{E9A7CB7F-F9A2-4287-8C41-4F5A03A2BC73}.Release|Any CPU.ActiveCfg = Release|Any CPU
		{E9A7CB7F-F9A2-4287-8C41-4F5A03A2BC73}.Release|Any CPU.Build.0 = Release|Any CPU
	EndGlobalSection
	GlobalSection(SolutionProperties) = preSolution
		HideSolutionNode = FALSE
	EndGlobalSection
	GlobalSection(ExtensibilityGlobals) = postSolution
		SolutionGuid = {AF0C8FFA-5231-46A4-B366-DF716CDBFA60}
	EndGlobalSection
EndGlobal
