
Microsoft Visual Studio Solution File, Format Version 12.00
# Visual Studio Version 17
VisualStudioVersion = 17.5.002.0
MinimumVisualStudioVersion = 10.0.40219.1
Project("{9A19103F-16F7-4668-BE54-9A1E7A4F7556}") = "Lab01", "Lab01.csproj", "{FED2BDC2-80E7-4FC6-A340-F63076B11C10}"
EndProject
Global
	GlobalSection(SolutionConfigurationPlatforms) = preSolution
		Debug|Any CPU = Debug|Any CPU
		Release|Any CPU = Release|Any CPU
	EndGlobalSection
	GlobalSection(ProjectConfigurationPlatforms) = postSolution
		{FED2BDC2-80E7-4FC6-A340-F63076B11C10}.Debug|Any CPU.ActiveCfg = Debug|Any CPU
		{FED2BDC2-80E7-4FC6-A340-F63076B11C10}.Debug|Any CPU.Build.0 = Debug|Any CPU
		{FED2BDC2-80E7-4FC6-A340-F63076B11C10}.Release|Any CPU.ActiveCfg = Release|Any CPU
		{FED2BDC2-80E7-4FC6-A340-F63076B11C10}.Release|Any CPU.Build.0 = Release|Any CPU
	EndGlobalSection
	GlobalSection(SolutionProperties) = preSolution
		HideSolutionNode = FALSE
	EndGlobalSection
	GlobalSection(ExtensibilityGlobals) = postSolution
		SolutionGuid = {95983F39-2BF0-4AA5-BCA1-57D595ADC90E}
	EndGlobalSection
EndGlobal
