
Microsoft Visual Studio Solution File, Format Version 12.00
# Visual Studio Version 17
VisualStudioVersion = 17.5.002.0
MinimumVisualStudioVersion = 10.0.40219.1
Project("{9A19103F-16F7-4668-BE54-9A1E7A4F7556}") = "02Xunit", "02Xunit.csproj", "{0F88E261-D7D2-48D5-BECC-69824D41B343}"
EndProject
Global
	GlobalSection(SolutionConfigurationPlatforms) = preSolution
		Debug|Any CPU = Debug|Any CPU
		Release|Any CPU = Release|Any CPU
	EndGlobalSection
	GlobalSection(ProjectConfigurationPlatforms) = postSolution
		{0F88E261-D7D2-48D5-BECC-69824D41B343}.Debug|Any CPU.ActiveCfg = Debug|Any CPU
		{0F88E261-D7D2-48D5-BECC-69824D41B343}.Debug|Any CPU.Build.0 = Debug|Any CPU
		{0F88E261-D7D2-48D5-BECC-69824D41B343}.Release|Any CPU.ActiveCfg = Release|Any CPU
		{0F88E261-D7D2-48D5-BECC-69824D41B343}.Release|Any CPU.Build.0 = Release|Any CPU
	EndGlobalSection
	GlobalSection(SolutionProperties) = preSolution
		HideSolutionNode = FALSE
	EndGlobalSection
	GlobalSection(ExtensibilityGlobals) = postSolution
		SolutionGuid = {02D0D64F-5FF4-4D73-97F1-7408DE729944}
	EndGlobalSection
EndGlobal
